
Microsoft Visual Studio Solution File, Format Version 12.00
# Visual Studio Version 17
VisualStudioVersion = 17.9.34622.214
MinimumVisualStudioVersion = 10.0.40219.1
Project("{FAE04EC0-301F-11D3-BF4B-00C04F79EFBC}") = "CirmosClock", "CirmosClock\CirmosClock.csproj", "{F45DEE8F-727C-48BF-AD59-0E4E45D00343}"
EndProject
Global
	GlobalSection(SolutionConfigurationPlatforms) = preSolution
		Debug|Any CPU = Debug|Any CPU
		Release|Any CPU = Release|Any CPU
	EndGlobalSection
	GlobalSection(ProjectConfigurationPlatforms) = postSolution
		{F45DEE8F-727C-48BF-AD59-0E4E45D00343}.Debug|Any CPU.ActiveCfg = Debug|Any CPU
		{F45DEE8F-727C-48BF-AD59-0E4E45D00343}.Debug|Any CPU.Build.0 = Debug|Any CPU
		{F45DEE8F-727C-48BF-AD59-0E4E45D00343}.Release|Any CPU.ActiveCfg = Release|Any CPU
		{F45DEE8F-727C-48BF-AD59-0E4E45D00343}.Release|Any CPU.Build.0 = Release|Any CPU
	EndGlobalSection
	GlobalSection(SolutionProperties) = preSolution
		HideSolutionNode = FALSE
	EndGlobalSection
	GlobalSection(ExtensibilityGlobals) = postSolution
		SolutionGuid = {271F95EB-070F-47D0-A847-CF248E5B6887}
	EndGlobalSection
EndGlobal
